
Microsoft Visual Studio Solution File, Format Version 12.00
# Visual Studio 14
VisualStudioVersion = 14.0.23107.0
MinimumVisualStudioVersion = 10.0.40219.1
Project("{FAE04EC0-301F-11D3-BF4B-00C04F79EFBC}") = "EMRFinal", "EMRFinal\EMRFinal.csproj", "{CDDB92E0-9EF1-49DE-B7CD-0307FB867E90}"
EndProject
Global
	GlobalSection(SolutionConfigurationPlatforms) = preSolution
		Debug|Any CPU = Debug|Any CPU
		Release|Any CPU = Release|Any CPU
	EndGlobalSection
	GlobalSection(ProjectConfigurationPlatforms) = postSolution
		{CDDB92E0-9EF1-49DE-B7CD-0307FB867E90}.Debug|Any CPU.ActiveCfg = Debug|Any CPU
		{CDDB92E0-9EF1-49DE-B7CD-0307FB867E90}.Debug|Any CPU.Build.0 = Debug|Any CPU
		{CDDB92E0-9EF1-49DE-B7CD-0307FB867E90}.Release|Any CPU.ActiveCfg = Release|Any CPU
		{CDDB92E0-9EF1-49DE-B7CD-0307FB867E90}.Release|Any CPU.Build.0 = Release|Any CPU
	EndGlobalSection
	GlobalSection(SolutionProperties) = preSolution
		HideSolutionNode = FALSE
	EndGlobalSection
EndGlobal
